
Microsoft Visual Studio Solution File, Format Version 12.00
# Visual Studio Version 16
VisualStudioVersion = 16.0.31424.327
MinimumVisualStudioVersion = 10.0.40219.1
Project("{9A19103F-16F7-4668-BE54-9A1E7A4F7556}") = "grpcServer", "grpcServer\grpcServer.csproj", "{58FB027E-71B7-46A3-9746-8A29DCD6DE47}"
EndProject
Project("{9A19103F-16F7-4668-BE54-9A1E7A4F7556}") = "grpcClient", "grpcClient\grpcClient.csproj", "{B4100BC3-A8A4-4075-BFFB-9F910B5C081A}"
EndProject
Global
	GlobalSection(SolutionConfigurationPlatforms) = preSolution
		Debug|Any CPU = Debug|Any CPU
		Release|Any CPU = Release|Any CPU
	EndGlobalSection
	GlobalSection(ProjectConfigurationPlatforms) = postSolution
		{58FB027E-71B7-46A3-9746-8A29DCD6DE47}.Debug|Any CPU.ActiveCfg = Debug|Any CPU
		{58FB027E-71B7-46A3-9746-8A29DCD6DE47}.Debug|Any CPU.Build.0 = Debug|Any CPU
		{58FB027E-71B7-46A3-9746-8A29DCD6DE47}.Release|Any CPU.ActiveCfg = Release|Any CPU
		{58FB027E-71B7-46A3-9746-8A29DCD6DE47}.Release|Any CPU.Build.0 = Release|Any CPU
		{B4100BC3-A8A4-4075-BFFB-9F910B5C081A}.Debug|Any CPU.ActiveCfg = Debug|Any CPU
		{B4100BC3-A8A4-4075-BFFB-9F910B5C081A}.Debug|Any CPU.Build.0 = Debug|Any CPU
		{B4100BC3-A8A4-4075-BFFB-9F910B5C081A}.Release|Any CPU.ActiveCfg = Release|Any CPU
		{B4100BC3-A8A4-4075-BFFB-9F910B5C081A}.Release|Any CPU.Build.0 = Release|Any CPU
	EndGlobalSection
	GlobalSection(SolutionProperties) = preSolution
		HideSolutionNode = FALSE
	EndGlobalSection
	GlobalSection(ExtensibilityGlobals) = postSolution
		SolutionGuid = {A600FC97-86BF-47E6-97C9-0B3F972DBCC8}
	EndGlobalSection
EndGlobal
